// !$*UTF8*$!
{
	archiveVersion = 1;
	classes = {
	};
	objectVersion = 53;
	objects = {

/* Begin PBXBuildFile section */
		B6427A8B1FACA94400AF453B /* Assets.xcassets in Resources */ = {isa = PBXBuildFile; fileRef = B6427A8A1FACA94400AF453B /* Assets.xcassets */; };
		B66013481FABCF4100E2D809 /* AppDelegate.swift in Sources */ = {isa = PBXBuildFile; fileRef = B66013471FABCF4100E2D809 /* AppDelegate.swift */; };
		B660134A1FABCF4100E2D809 /* art.scnassets in Resources */ = {isa = PBXBuildFile; fileRef = B66013491FABCF4100E2D809 /* art.scnassets */; };
		B660134C1FABCF4100E2D809 /* ViewController.swift in Sources */ = {isa = PBXBuildFile; fileRef = B660134B1FABCF4100E2D809 /* ViewController.swift */; };
		B660134F1FABCF4100E2D809 /* Main.storyboard in Resources */ = {isa = PBXBuildFile; fileRef = B660134D1FABCF4100E2D809 /* Main.storyboard */; };
		B66013541FABCF4100E2D809 /* LaunchScreen.storyboard in Resources */ = {isa = PBXBuildFile; fileRef = B66013521FABCF4100E2D809 /* LaunchScreen.storyboard */; };
		CCEAB530273C14EE0039C249 /* ship.scn in Resources */ = {isa = PBXBuildFile; fileRef = CCEAB52E273C14EE0039C249 /* ship.scn */; };
		CCEAB531273C14EE0039C249 /* texture.png in Resources */ = {isa = PBXBuildFile; fileRef = CCEAB52F273C14EE0039C249 /* texture.png */; };
/* End PBXBuildFile section */

/* Begin PBXFileReference section */
		B6427A8A1FACA94400AF453B /* Assets.xcassets */ = {isa = PBXFileReference; lastKnownFileType = folder.assetcatalog; path = Assets.xcassets; sourceTree = "<group>"; };
		B66013441FABCF4100E2D809 /* ARSMUExample.app */ = {isa = PBXFileReference; explicitFileType = wrapper.application; includeInIndex = 0; path = ARSMUExample.app; sourceTree = BUILT_PRODUCTS_DIR; };
		B66013471FABCF4100E2D809 /* AppDelegate.swift */ = {isa = PBXFileReference; lastKnownFileType = sourcecode.swift; path = AppDelegate.swift; sourceTree = "<group>"; };
		B66013491FABCF4100E2D809 /* art.scnassets */ = {isa = PBXFileReference; lastKnownFileType = wrapper.scnassets; path = art.scnassets; sourceTree = "<group>"; };
		B660134B1FABCF4100E2D809 /* ViewController.swift */ = {isa = PBXFileReference; lastKnownFileType = sourcecode.swift; path = ViewController.swift; sourceTree = "<group>"; };
		B660134E1FABCF4100E2D809 /* Base */ = {isa = PBXFileReference; lastKnownFileType = file.storyboard; name = Base; path = Base.lproj/Main.storyboard; sourceTree = "<group>"; };
		B66013531FABCF4100E2D809 /* Base */ = {isa = PBXFileReference; lastKnownFileType = file.storyboard; name = Base; path = Base.lproj/LaunchScreen.storyboard; sourceTree = "<group>"; };
		B66013551FABCF4100E2D809 /* Info.plist */ = {isa = PBXFileReference; lastKnownFileType = text.plist.xml; path = Info.plist; sourceTree = "<group>"; };
		CCEAB52E273C14EE0039C249 /* ship.scn */ = {isa = PBXFileReference; lastKnownFileType = file.bplist; name = ship.scn; path = art.scnassets/ship.scn; sourceTree = "<group>"; };
		CCEAB52F273C14EE0039C249 /* texture.png */ = {isa = PBXFileReference; lastKnownFileType = image.png; name = texture.png; path = art.scnassets/texture.png; sourceTree = "<group>"; };
/* End PBXFileReference section */

/* Begin PBXFrameworksBuildPhase section */
		B66013411FABCF4100E2D809 /* Frameworks */ = {
			isa = PBXFrameworksBuildPhase;
			buildActionMask = 2147483647;
			files = (
			);
			runOnlyForDeploymentPostprocessing = 0;
		};
/* End PBXFrameworksBuildPhase section */

/* Begin PBXGroup section */
		B660133B1FABCF4100E2D809 = {
			isa = PBXGroup;
			children = (
				B66013461FABCF4100E2D809 /* ARSMUExample */,
				B66013451FABCF4100E2D809 /* Products */,
			);
			sourceTree = "<group>";
		};
		B66013451FABCF4100E2D809 /* Products */ = {
			isa = PBXGroup;
			children = (
				B66013441FABCF4100E2D809 /* ARSMUExample.app */,
			);
			name = Products;
			sourceTree = "<group>";
		};
		B66013461FABCF4100E2D809 /* ARSMUExample */ = {
			isa = PBXGroup;
			children = (
				B66013471FABCF4100E2D809 /* AppDelegate.swift */,
				B66013491FABCF4100E2D809 /* art.scnassets */,
				B660134B1FABCF4100E2D809 /* ViewController.swift */,
				B6427A8A1FACA94400AF453B /* Assets.xcassets */,
				B660134D1FABCF4100E2D809 /* Main.storyboard */,
				B66013521FABCF4100E2D809 /* LaunchScreen.storyboard */,
				CCEAB52E273C14EE0039C249 /* ship.scn */,
				CCEAB52F273C14EE0039C249 /* texture.png */,
				B66013551FABCF4100E2D809 /* Info.plist */,
			);
			path = ARSMUExample;
			sourceTree = "<group>";
		};
/* End PBXGroup section */

/* Begin PBXNativeTarget section */
		B66013431FABCF4100E2D809 /* ARSMUExample */ = {
			isa = PBXNativeTarget;
			buildConfigurationList = B660136E1FABCF4100E2D809 /* Build configuration list for PBXNativeTarget "ARSMUExample" */;
			buildPhases = (
				B66013401FABCF4100E2D809 /* Sources */,
				B66013411FABCF4100E2D809 /* Frameworks */,
				B66013421FABCF4100E2D809 /* Resources */,
			);
			buildRules = (
			);
			dependencies = (
			);
			name = ARSMUExample;
			productName = ARSMUExample;
			productReference = B66013441FABCF4100E2D809 /* ARSMUExample.app */;
			productType = "com.apple.product-type.application";
		};
/* End PBXNativeTarget section */

/* Begin PBXProject section */
		B660133C1FABCF4100E2D809 /* Project object */ = {
			isa = PBXProject;
			attributes = {
				BuildIndependentTargetsInParallel = YES;
				LastSwiftUpdateCheck = 0900;
				LastUpgradeCheck = 1430;
				ORGANIZATIONNAME = "Eric Larson";
				TargetAttributes = {
					B66013431FABCF4100E2D809 = {
						CreatedOnToolsVersion = 9.0.1;
						LastSwiftMigration = 1200;
						ProvisioningStyle = Automatic;
					};
				};
			};
			buildConfigurationList = B660133F1FABCF4100E2D809 /* Build configuration list for PBXProject "ARSMUExample" */;
			compatibilityVersion = "Xcode 8.0";
			developmentRegion = en;
			hasScannedForEncodings = 0;
			knownRegions = (
				en,
				Base,
			);
			mainGroup = B660133B1FABCF4100E2D809;
			productRefGroup = B66013451FABCF4100E2D809 /* Products */;
			projectDirPath = "";
			projectRoot = "";
			targets = (
				B66013431FABCF4100E2D809 /* ARSMUExample */,
			);
		};
/* End PBXProject section */

/* Begin PBXResourcesBuildPhase section */
		B66013421FABCF4100E2D809 /* Resources */ = {
			isa = PBXResourcesBuildPhase;
			buildActionMask = 2147483647;
			files = (
				CCEAB530273C14EE0039C249 /* ship.scn in Resources */,
				B660134A1FABCF4100E2D809 /* art.scnassets in Resources */,
				B66013541FABCF4100E2D809 /* LaunchScreen.storyboard in Resources */,
				CCEAB531273C14EE0039C249 /* texture.png in Resources */,
				B6427A8B1FACA94400AF453B /* Assets.xcassets in Resources */,
				B660134F1FABCF4100E2D809 /* Main.storyboard in Resources */,
			);
			runOnlyForDeploymentPostprocessing = 0;
		};
/* End PBXResourcesBuildPhase section */

/* Begin PBXSourcesBuildPhase section */
		B66013401FABCF4100E2D809 /* Sources */ = {
			isa = PBXSourcesBuildPhase;
			buildActionMask = 2147483647;
			files = (
				B660134C1FABCF4100E2D809 /* ViewController.swift in Sources */,
				B66013481FABCF4100E2D809 /* AppDelegate.swift in Sources */,
			);
			runOnlyForDeploymentPostprocessing = 0;
		};
/* End PBXSourcesBuildPhase section */

/* Begin PBXVariantGroup section */
		B660134D1FABCF4100E2D809 /* Main.storyboard */ = {
			isa = PBXVariantGroup;
			children = (
				B660134E1FABCF4100E2D809 /* Base */,
			);
			name = Main.storyboard;
			sourceTree = "<group>";
		};
		B66013521FABCF4100E2D809 /* LaunchScreen.storyboard */ = {
			isa = PBXVariantGroup;
			children = (
				B66013531FABCF4100E2D809 /* Base */,
			);
			name = LaunchScreen.storyboard;
			sourceTree = "<group>";
		};
/* End PBXVariantGroup section */

/* Begin XCBuildConfiguration section */
		B660136C1FABCF4100E2D809 /* Debug */ = {
			isa = XCBuildConfiguration;
			buildSettings = {
				ALWAYS_SEARCH_USER_PATHS = NO;
				CLANG_ANALYZER_NONNULL = YES;
				CLANG_ANALYZER_NUMBER_OBJECT_CONVERSION = YES_AGGRESSIVE;
				CLANG_CXX_LANGUAGE_STANDARD = "gnu++14";
				CLANG_CXX_LIBRARY = "libc++";
				CLANG_ENABLE_MODULES = YES;
				CLANG_ENABLE_OBJC_ARC = YES;
				CLANG_WARN_BLOCK_CAPTURE_AUTORELEASING = YES;
				CLANG_WARN_BOOL_CONVERSION = YES;
				CLANG_WARN_COMMA = YES;
				CLANG_WARN_CONSTANT_CONVERSION = YES;
				CLANG_WARN_DEPRECATED_OBJC_IMPLEMENTATIONS = YES;
				CLANG_WARN_DIRECT_OBJC_ISA_USAGE = YES_ERROR;
				CLANG_WARN_DOCUMENTATION_COMMENTS = YES;
				CLANG_WARN_EMPTY_BODY = YES;
				CLANG_WARN_ENUM_CONVERSION = YES;
				CLANG_WARN_INFINITE_RECURSION = YES;
				CLANG_WARN_INT_CONVERSION = YES;
				CLANG_WARN_NON_LITERAL_NULL_CONVERSION = YES;
				CLANG_WARN_OBJC_IMPLICIT_RETAIN_SELF = YES;
				CLANG_WARN_OBJC_LITERAL_CONVERSION = YES;
				CLANG_WARN_OBJC_ROOT_CLASS = YES_ERROR;
				CLANG_WARN_QUOTED_INCLUDE_IN_FRAMEWORK_HEADER = YES;
				CLANG_WARN_RANGE_LOOP_ANALYSIS = YES;
				CLANG_WARN_STRICT_PROTOTYPES = YES;
				CLANG_WARN_SUSPICIOUS_MOVE = YES;
				CLANG_WARN_UNGUARDED_AVAILABILITY = YES_AGGRESSIVE;
				CLANG_WARN_UNREACHABLE_CODE = YES;
				CLANG_WARN__DUPLICATE_METHOD_MATCH = YES;
				CODE_SIGN_IDENTITY = "iPhone Developer";
				COPY_PHASE_STRIP = NO;
				DEBUG_INFORMATION_FORMAT = dwarf;
				ENABLE_STRICT_OBJC_MSGSEND = YES;
				ENABLE_TESTABILITY = YES;
				GCC_C_LANGUAGE_STANDARD = gnu11;
				GCC_DYNAMIC_NO_PIC = NO;
				GCC_NO_COMMON_BLOCKS = YES;
				GCC_OPTIMIZATION_LEVEL = 0;
				GCC_PREPROCESSOR_DEFINITIONS = (
					"DEBUG=1",
					"$(inherited)",
				);
				GCC_WARN_64_TO_32_BIT_CONVERSION = YES;
				GCC_WARN_ABOUT_RETURN_TYPE = YES_ERROR;
				GCC_WARN_UNDECLARED_SELECTOR = YES;
				GCC_WARN_UNINITIALIZED_AUTOS = YES_AGGRESSIVE;
				GCC_WARN_UNUSED_FUNCTION = YES;
				GCC_WARN_UNUSED_VARIABLE = YES;
				IPHONEOS_DEPLOYMENT_TARGET = 13.6;
				MTL_ENABLE_DEBUG_INFO = YES;
				ONLY_ACTIVE_ARCH = YES;
				SDKROOT = iphoneos;
				SWIFT_ACTIVE_COMPILATION_CONDITIONS = DEBUG;
				SWIFT_OPTIMIZATION_LEVEL = "-Onone";
			};
			name = Debug;
		};
		B660136D1FABCF4100E2D809 /* Release */ = {
			isa = XCBuildConfiguration;
			buildSettings = {
				ALWAYS_SEARCH_USER_PATHS = NO;
				CLANG_ANALYZER_NONNULL = YES;
				CLANG_ANALYZER_NUMBER_OBJECT_CONVERSION = YES_AGGRESSIVE;
				CLANG_CXX_LANGUAGE_STANDARD = "gnu++14";
				CLANG_CXX_LIBRARY = "libc++";
				CLANG_ENABLE_MODULES = YES;
				CLANG_ENABLE_OBJC_ARC = YES;
				CLANG_WARN_BLOCK_CAPTURE_AUTORELEASING = YES;
				CLANG_WARN_BOOL_CONVERSION = YES;
				CLANG_WARN_COMMA = YES;
				CLANG_WARN_CONSTANT_CONVERSION = YES;
				CLANG_WARN_DEPRECATED_OBJC_IMPLEMENTATIONS = YES;
				CLANG_WARN_DIRECT_OBJC_ISA_USAGE = YES_ERROR;
				CLANG_WARN_DOCUMENTATION_COMMENTS = YES;
				CLANG_WARN_EMPTY_BODY = YES;
				CLANG_WARN_ENUM_CONVERSION = YES;
				CLANG_WARN_INFINITE_RECURSION = YES;
				CLANG_WARN_INT_CONVERSION = YES;
				CLANG_WARN_NON_LITERAL_NULL_CONVERSION = YES;
				CLANG_WARN_OBJC_IMPLICIT_RETAIN_SELF = YES;
				CLANG_WARN_OBJC_LITERAL_CONVERSION = YES;
				CLANG_WARN_OBJC_ROOT_CLASS = YES_ERROR;
				CLANG_WARN_QUOTED_INCLUDE_IN_FRAMEWORK_HEADER = YES;
				CLANG_WARN_RANGE_LOOP_ANALYSIS = YES;
				CLANG_WARN_STRICT_PROTOTYPES = YES;
				CLANG_WARN_SUSPICIOUS_MOVE = YES;
				CLANG_WARN_UNGUARDED_AVAILABILITY = YES_AGGRESSIVE;
				CLANG_WARN_UNREACHABLE_CODE = YES;
				CLANG_WARN__DUPLICATE_METHOD_MATCH = YES;
				CODE_SIGN_IDENTITY = "iPhone Developer";
				COPY_PHASE_STRIP = NO;
				DEBUG_INFORMATION_FORMAT = "dwarf-with-dsym";
				ENABLE_NS_ASSERTIONS = NO;
				ENABLE_STRICT_OBJC_MSGSEND = YES;
				GCC_C_LANGUAGE_STANDARD = gnu11;
				GCC_NO_COMMON_BLOCKS = YES;
				GCC_WARN_64_TO_32_BIT_CONVERSION = YES;
				GCC_WARN_ABOUT_RETURN_TYPE = YES_ERROR;
				GCC_WARN_UNDECLARED_SELECTOR = YES;
				GCC_WARN_UNINITIALIZED_AUTOS = YES_AGGRESSIVE;
				GCC_WARN_UNUSED_FUNCTION = YES;
				GCC_WARN_UNUSED_VARIABLE = YES;
				IPHONEOS_DEPLOYMENT_TARGET = 13.6;
				MTL_ENABLE_DEBUG_INFO = NO;
				SDKROOT = iphoneos;
				SWIFT_COMPILATION_MODE = wholemodule;
				SWIFT_OPTIMIZATION_LEVEL = "-O";
				VALIDATE_PRODUCT = YES;
			};
			name = Release;
		};
		B660136F1FABCF4100E2D809 /* Debug */ = {
			isa = XCBuildConfiguration;
			buildSettings = {
				ASSETCATALOG_COMPILER_APPICON_NAME = AppIcon;
				CODE_SIGN_STYLE = Automatic;
				DEVELOPMENT_TEAM = F69WJ27LN4;
				INFOPLIST_FILE = ARSMUExample/Info.plist;
				LD_RUNPATH_SEARCH_PATHS = (
					"$(inherited)",
					"@executable_path/Frameworks",
				);
				PRODUCT_BUNDLE_IDENTIFIER = SMU.ARSMUExample;
				PRODUCT_NAME = "$(TARGET_NAME)";
				SWIFT_VERSION = 5.0;
				TARGETED_DEVICE_FAMILY = "1,2";
			};
			name = Debug;
		};
		B66013701FABCF4100E2D809 /* Release */ = {
			isa = XCBuildConfiguration;
			buildSettings = {
				ASSETCATALOG_COMPILER_APPICON_NAME = AppIcon;
				CODE_SIGN_STYLE = Automatic;
				DEVELOPMENT_TEAM = F69WJ27LN4;
				INFOPLIST_FILE = ARSMUExample/Info.plist;
				LD_RUNPATH_SEARCH_PATHS = (
					"$(inherited)",
					"@executable_path/Frameworks",
				);
				PRODUCT_BUNDLE_IDENTIFIER = SMU.ARSMUExample;
				PRODUCT_NAME = "$(TARGET_NAME)";
				SWIFT_VERSION = 5.0;
				TARGETED_DEVICE_FAMILY = "1,2";
			};
			name = Release;
		};
/* End XCBuildConfiguration section */

/* Begin XCConfigurationList section */
		B660133F1FABCF4100E2D809 /* Build configuration list for PBXProject "ARSMUExample" */ = {
			isa = XCConfigurationList;
			buildConfigurations = (
				B660136C1FABCF4100E2D809 /* Debug */,
				B660136D1FABCF4100E2D809 /* Release */,
			);
			defaultConfigurationIsVisible = 0;
			defaultConfigurationName = Release;
		};
		B660136E1FABCF4100E2D809 /* Build configuration list for PBXNativeTarget "ARSMUExample" */ = {
			isa = XCConfigurationList;
			buildConfigurations = (
				B660136F1FABCF4100E2D809 /* Debug */,
				B66013701FABCF4100E2D809 /* Release */,
			);
			defaultConfigurationIsVisible = 0;
			defaultConfigurationName = Release;
		};
/* End XCConfigurationList section */
	};
	rootObject = B660133C1FABCF4100E2D809 /* Project object */;
}
