// !$*UTF8*$!
{
	archiveVersion = 1;
	classes = {
	};
	objectVersion = 48;
	objects = {

/* Begin PBXBuildFile section */
		B6427A811FAC08DB00AF453B /* wave_style.mlmodel in Sources */ = {isa = PBXBuildFile; fileRef = B6427A801FAC08DB00AF453B /* wave_style.mlmodel */; };
		B6427A831FACA2AC00AF453B /* mosaic_style.mlmodel in Sources */ = {isa = PBXBuildFile; fileRef = B6427A821FACA2AC00AF453B /* mosaic_style.mlmodel */; };
		B6427A851FACA2B500AF453B /* udnie_style.mlmodel in Sources */ = {isa = PBXBuildFile; fileRef = B6427A841FACA2B500AF453B /* udnie_style.mlmodel */; };
		B6427A891FACA80A00AF453B /* StyleTransferInput.swift in Sources */ = {isa = PBXBuildFile; fileRef = B6427A881FACA80A00AF453B /* StyleTransferInput.swift */; };
		B6427A8B1FACA94400AF453B /* Assets.xcassets in Resources */ = {isa = PBXBuildFile; fileRef = B6427A8A1FACA94400AF453B /* Assets.xcassets */; };
		B66013481FABCF4100E2D809 /* AppDelegate.swift in Sources */ = {isa = PBXBuildFile; fileRef = B66013471FABCF4100E2D809 /* AppDelegate.swift */; };
		B660134A1FABCF4100E2D809 /* art.scnassets in Resources */ = {isa = PBXBuildFile; fileRef = B66013491FABCF4100E2D809 /* art.scnassets */; };
		B660134C1FABCF4100E2D809 /* ViewController.swift in Sources */ = {isa = PBXBuildFile; fileRef = B660134B1FABCF4100E2D809 /* ViewController.swift */; };
		B660134F1FABCF4100E2D809 /* Main.storyboard in Resources */ = {isa = PBXBuildFile; fileRef = B660134D1FABCF4100E2D809 /* Main.storyboard */; };
		B66013541FABCF4100E2D809 /* LaunchScreen.storyboard in Resources */ = {isa = PBXBuildFile; fileRef = B66013521FABCF4100E2D809 /* LaunchScreen.storyboard */; };
		B660135F1FABCF4100E2D809 /* ARSMUExampleTests.swift in Sources */ = {isa = PBXBuildFile; fileRef = B660135E1FABCF4100E2D809 /* ARSMUExampleTests.swift */; };
		B660136A1FABCF4100E2D809 /* ARSMUExampleUITests.swift in Sources */ = {isa = PBXBuildFile; fileRef = B66013691FABCF4100E2D809 /* ARSMUExampleUITests.swift */; };
		B66013821FABF43E00E2D809 /* UIImage+scaling.swift in Sources */ = {isa = PBXBuildFile; fileRef = B66013811FABF43E00E2D809 /* UIImage+scaling.swift */; };
/* End PBXBuildFile section */

/* Begin PBXContainerItemProxy section */
		B660135B1FABCF4100E2D809 /* PBXContainerItemProxy */ = {
			isa = PBXContainerItemProxy;
			containerPortal = B660133C1FABCF4100E2D809 /* Project object */;
			proxyType = 1;
			remoteGlobalIDString = B66013431FABCF4100E2D809;
			remoteInfo = ARSMUExample;
		};
		B66013661FABCF4100E2D809 /* PBXContainerItemProxy */ = {
			isa = PBXContainerItemProxy;
			containerPortal = B660133C1FABCF4100E2D809 /* Project object */;
			proxyType = 1;
			remoteGlobalIDString = B66013431FABCF4100E2D809;
			remoteInfo = ARSMUExample;
		};
/* End PBXContainerItemProxy section */

/* Begin PBXFileReference section */
		B6427A801FAC08DB00AF453B /* wave_style.mlmodel */ = {isa = PBXFileReference; lastKnownFileType = file.mlmodel; path = wave_style.mlmodel; sourceTree = "<group>"; };
		B6427A821FACA2AC00AF453B /* mosaic_style.mlmodel */ = {isa = PBXFileReference; lastKnownFileType = file.mlmodel; path = mosaic_style.mlmodel; sourceTree = "<group>"; };
		B6427A841FACA2B500AF453B /* udnie_style.mlmodel */ = {isa = PBXFileReference; lastKnownFileType = file.mlmodel; path = udnie_style.mlmodel; sourceTree = "<group>"; };
		B6427A881FACA80A00AF453B /* StyleTransferInput.swift */ = {isa = PBXFileReference; fileEncoding = 4; lastKnownFileType = sourcecode.swift; path = StyleTransferInput.swift; sourceTree = "<group>"; };
		B6427A8A1FACA94400AF453B /* Assets.xcassets */ = {isa = PBXFileReference; lastKnownFileType = folder.assetcatalog; path = Assets.xcassets; sourceTree = "<group>"; };
		B66013441FABCF4100E2D809 /* ARSMUExample.app */ = {isa = PBXFileReference; explicitFileType = wrapper.application; includeInIndex = 0; path = ARSMUExample.app; sourceTree = BUILT_PRODUCTS_DIR; };
		B66013471FABCF4100E2D809 /* AppDelegate.swift */ = {isa = PBXFileReference; lastKnownFileType = sourcecode.swift; path = AppDelegate.swift; sourceTree = "<group>"; };
		B66013491FABCF4100E2D809 /* art.scnassets */ = {isa = PBXFileReference; lastKnownFileType = wrapper.scnassets; path = art.scnassets; sourceTree = "<group>"; };
		B660134B1FABCF4100E2D809 /* ViewController.swift */ = {isa = PBXFileReference; lastKnownFileType = sourcecode.swift; path = ViewController.swift; sourceTree = "<group>"; };
		B660134E1FABCF4100E2D809 /* Base */ = {isa = PBXFileReference; lastKnownFileType = file.storyboard; name = Base; path = Base.lproj/Main.storyboard; sourceTree = "<group>"; };
		B66013531FABCF4100E2D809 /* Base */ = {isa = PBXFileReference; lastKnownFileType = file.storyboard; name = Base; path = Base.lproj/LaunchScreen.storyboard; sourceTree = "<group>"; };
		B66013551FABCF4100E2D809 /* Info.plist */ = {isa = PBXFileReference; lastKnownFileType = text.plist.xml; path = Info.plist; sourceTree = "<group>"; };
		B660135A1FABCF4100E2D809 /* ARSMUExampleTests.xctest */ = {isa = PBXFileReference; explicitFileType = wrapper.cfbundle; includeInIndex = 0; path = ARSMUExampleTests.xctest; sourceTree = BUILT_PRODUCTS_DIR; };
		B660135E1FABCF4100E2D809 /* ARSMUExampleTests.swift */ = {isa = PBXFileReference; lastKnownFileType = sourcecode.swift; path = ARSMUExampleTests.swift; sourceTree = "<group>"; };
		B66013601FABCF4100E2D809 /* Info.plist */ = {isa = PBXFileReference; lastKnownFileType = text.plist.xml; path = Info.plist; sourceTree = "<group>"; };
		B66013651FABCF4100E2D809 /* ARSMUExampleUITests.xctest */ = {isa = PBXFileReference; explicitFileType = wrapper.cfbundle; includeInIndex = 0; path = ARSMUExampleUITests.xctest; sourceTree = BUILT_PRODUCTS_DIR; };
		B66013691FABCF4100E2D809 /* ARSMUExampleUITests.swift */ = {isa = PBXFileReference; lastKnownFileType = sourcecode.swift; path = ARSMUExampleUITests.swift; sourceTree = "<group>"; };
		B660136B1FABCF4100E2D809 /* Info.plist */ = {isa = PBXFileReference; lastKnownFileType = text.plist.xml; path = Info.plist; sourceTree = "<group>"; };
		B66013811FABF43E00E2D809 /* UIImage+scaling.swift */ = {isa = PBXFileReference; fileEncoding = 4; lastKnownFileType = sourcecode.swift; path = "UIImage+scaling.swift"; sourceTree = "<group>"; };
/* End PBXFileReference section */

/* Begin PBXFrameworksBuildPhase section */
		B66013411FABCF4100E2D809 /* Frameworks */ = {
			isa = PBXFrameworksBuildPhase;
			buildActionMask = 2147483647;
			files = (
			);
			runOnlyForDeploymentPostprocessing = 0;
		};
		B66013571FABCF4100E2D809 /* Frameworks */ = {
			isa = PBXFrameworksBuildPhase;
			buildActionMask = 2147483647;
			files = (
			);
			runOnlyForDeploymentPostprocessing = 0;
		};
		B66013621FABCF4100E2D809 /* Frameworks */ = {
			isa = PBXFrameworksBuildPhase;
			buildActionMask = 2147483647;
			files = (
			);
			runOnlyForDeploymentPostprocessing = 0;
		};
/* End PBXFrameworksBuildPhase section */

/* Begin PBXGroup section */
		B660133B1FABCF4100E2D809 = {
			isa = PBXGroup;
			children = (
				B66013461FABCF4100E2D809 /* ARSMUExample */,
				B660135D1FABCF4100E2D809 /* ARSMUExampleTests */,
				B66013681FABCF4100E2D809 /* ARSMUExampleUITests */,
				B66013451FABCF4100E2D809 /* Products */,
			);
			sourceTree = "<group>";
		};
		B66013451FABCF4100E2D809 /* Products */ = {
			isa = PBXGroup;
			children = (
				B66013441FABCF4100E2D809 /* ARSMUExample.app */,
				B660135A1FABCF4100E2D809 /* ARSMUExampleTests.xctest */,
				B66013651FABCF4100E2D809 /* ARSMUExampleUITests.xctest */,
			);
			name = Products;
			sourceTree = "<group>";
		};
		B66013461FABCF4100E2D809 /* ARSMUExample */ = {
			isa = PBXGroup;
			children = (
				B6427A801FAC08DB00AF453B /* wave_style.mlmodel */,
				B6427A821FACA2AC00AF453B /* mosaic_style.mlmodel */,
				B6427A841FACA2B500AF453B /* udnie_style.mlmodel */,
				B66013471FABCF4100E2D809 /* AppDelegate.swift */,
				B66013491FABCF4100E2D809 /* art.scnassets */,
				B660134B1FABCF4100E2D809 /* ViewController.swift */,
				B6427A8A1FACA94400AF453B /* Assets.xcassets */,
				B6427A881FACA80A00AF453B /* StyleTransferInput.swift */,
				B66013811FABF43E00E2D809 /* UIImage+scaling.swift */,
				B660134D1FABCF4100E2D809 /* Main.storyboard */,
				B66013521FABCF4100E2D809 /* LaunchScreen.storyboard */,
				B66013551FABCF4100E2D809 /* Info.plist */,
			);
			path = ARSMUExample;
			sourceTree = "<group>";
		};
		B660135D1FABCF4100E2D809 /* ARSMUExampleTests */ = {
			isa = PBXGroup;
			children = (
				B660135E1FABCF4100E2D809 /* ARSMUExampleTests.swift */,
				B66013601FABCF4100E2D809 /* Info.plist */,
			);
			path = ARSMUExampleTests;
			sourceTree = "<group>";
		};
		B66013681FABCF4100E2D809 /* ARSMUExampleUITests */ = {
			isa = PBXGroup;
			children = (
				B66013691FABCF4100E2D809 /* ARSMUExampleUITests.swift */,
				B660136B1FABCF4100E2D809 /* Info.plist */,
			);
			path = ARSMUExampleUITests;
			sourceTree = "<group>";
		};
/* End PBXGroup section */

/* Begin PBXNativeTarget section */
		B66013431FABCF4100E2D809 /* ARSMUExample */ = {
			isa = PBXNativeTarget;
			buildConfigurationList = B660136E1FABCF4100E2D809 /* Build configuration list for PBXNativeTarget "ARSMUExample" */;
			buildPhases = (
				B66013401FABCF4100E2D809 /* Sources */,
				B66013411FABCF4100E2D809 /* Frameworks */,
				B66013421FABCF4100E2D809 /* Resources */,
			);
			buildRules = (
			);
			dependencies = (
			);
			name = ARSMUExample;
			productName = ARSMUExample;
			productReference = B66013441FABCF4100E2D809 /* ARSMUExample.app */;
			productType = "com.apple.product-type.application";
		};
		B66013591FABCF4100E2D809 /* ARSMUExampleTests */ = {
			isa = PBXNativeTarget;
			buildConfigurationList = B66013711FABCF4100E2D809 /* Build configuration list for PBXNativeTarget "ARSMUExampleTests" */;
			buildPhases = (
				B66013561FABCF4100E2D809 /* Sources */,
				B66013571FABCF4100E2D809 /* Frameworks */,
				B66013581FABCF4100E2D809 /* Resources */,
			);
			buildRules = (
			);
			dependencies = (
				B660135C1FABCF4100E2D809 /* PBXTargetDependency */,
			);
			name = ARSMUExampleTests;
			productName = ARSMUExampleTests;
			productReference = B660135A1FABCF4100E2D809 /* ARSMUExampleTests.xctest */;
			productType = "com.apple.product-type.bundle.unit-test";
		};
		B66013641FABCF4100E2D809 /* ARSMUExampleUITests */ = {
			isa = PBXNativeTarget;
			buildConfigurationList = B66013741FABCF4100E2D809 /* Build configuration list for PBXNativeTarget "ARSMUExampleUITests" */;
			buildPhases = (
				B66013611FABCF4100E2D809 /* Sources */,
				B66013621FABCF4100E2D809 /* Frameworks */,
				B66013631FABCF4100E2D809 /* Resources */,
			);
			buildRules = (
			);
			dependencies = (
				B66013671FABCF4100E2D809 /* PBXTargetDependency */,
			);
			name = ARSMUExampleUITests;
			productName = ARSMUExampleUITests;
			productReference = B66013651FABCF4100E2D809 /* ARSMUExampleUITests.xctest */;
			productType = "com.apple.product-type.bundle.ui-testing";
		};
/* End PBXNativeTarget section */

/* Begin PBXProject section */
		B660133C1FABCF4100E2D809 /* Project object */ = {
			isa = PBXProject;
			attributes = {
				LastSwiftUpdateCheck = 0900;
				LastUpgradeCheck = 0900;
				ORGANIZATIONNAME = "Eric Larson";
				TargetAttributes = {
					B66013431FABCF4100E2D809 = {
						CreatedOnToolsVersion = 9.0.1;
						ProvisioningStyle = Automatic;
					};
					B66013591FABCF4100E2D809 = {
						CreatedOnToolsVersion = 9.0.1;
						ProvisioningStyle = Automatic;
						TestTargetID = B66013431FABCF4100E2D809;
					};
					B66013641FABCF4100E2D809 = {
						CreatedOnToolsVersion = 9.0.1;
						ProvisioningStyle = Automatic;
						TestTargetID = B66013431FABCF4100E2D809;
					};
				};
			};
			buildConfigurationList = B660133F1FABCF4100E2D809 /* Build configuration list for PBXProject "ARSMUExample" */;
			compatibilityVersion = "Xcode 8.0";
			developmentRegion = en;
			hasScannedForEncodings = 0;
			knownRegions = (
				en,
				Base,
			);
			mainGroup = B660133B1FABCF4100E2D809;
			productRefGroup = B66013451FABCF4100E2D809 /* Products */;
			projectDirPath = "";
			projectRoot = "";
			targets = (
				B66013431FABCF4100E2D809 /* ARSMUExample */,
				B66013591FABCF4100E2D809 /* ARSMUExampleTests */,
				B66013641FABCF4100E2D809 /* ARSMUExampleUITests */,
			);
		};
/* End PBXProject section */

/* Begin PBXResourcesBuildPhase section */
		B66013421FABCF4100E2D809 /* Resources */ = {
			isa = PBXResourcesBuildPhase;
			buildActionMask = 2147483647;
			files = (
				B660134A1FABCF4100E2D809 /* art.scnassets in Resources */,
				B66013541FABCF4100E2D809 /* LaunchScreen.storyboard in Resources */,
				B6427A8B1FACA94400AF453B /* Assets.xcassets in Resources */,
				B660134F1FABCF4100E2D809 /* Main.storyboard in Resources */,
			);
			runOnlyForDeploymentPostprocessing = 0;
		};
		B66013581FABCF4100E2D809 /* Resources */ = {
			isa = PBXResourcesBuildPhase;
			buildActionMask = 2147483647;
			files = (
			);
			runOnlyForDeploymentPostprocessing = 0;
		};
		B66013631FABCF4100E2D809 /* Resources */ = {
			isa = PBXResourcesBuildPhase;
			buildActionMask = 2147483647;
			files = (
			);
			runOnlyForDeploymentPostprocessing = 0;
		};
/* End PBXResourcesBuildPhase section */

/* Begin PBXSourcesBuildPhase section */
		B66013401FABCF4100E2D809 /* Sources */ = {
			isa = PBXSourcesBuildPhase;
			buildActionMask = 2147483647;
			files = (
				B6427A891FACA80A00AF453B /* StyleTransferInput.swift in Sources */,
				B660134C1FABCF4100E2D809 /* ViewController.swift in Sources */,
				B66013481FABCF4100E2D809 /* AppDelegate.swift in Sources */,
				B6427A831FACA2AC00AF453B /* mosaic_style.mlmodel in Sources */,
				B6427A811FAC08DB00AF453B /* wave_style.mlmodel in Sources */,
				B66013821FABF43E00E2D809 /* UIImage+scaling.swift in Sources */,
				B6427A851FACA2B500AF453B /* udnie_style.mlmodel in Sources */,
			);
			runOnlyForDeploymentPostprocessing = 0;
		};
		B66013561FABCF4100E2D809 /* Sources */ = {
			isa = PBXSourcesBuildPhase;
			buildActionMask = 2147483647;
			files = (
				B660135F1FABCF4100E2D809 /* ARSMUExampleTests.swift in Sources */,
			);
			runOnlyForDeploymentPostprocessing = 0;
		};
		B66013611FABCF4100E2D809 /* Sources */ = {
			isa = PBXSourcesBuildPhase;
			buildActionMask = 2147483647;
			files = (
				B660136A1FABCF4100E2D809 /* ARSMUExampleUITests.swift in Sources */,
			);
			runOnlyForDeploymentPostprocessing = 0;
		};
/* End PBXSourcesBuildPhase section */

/* Begin PBXTargetDependency section */
		B660135C1FABCF4100E2D809 /* PBXTargetDependency */ = {
			isa = PBXTargetDependency;
			target = B66013431FABCF4100E2D809 /* ARSMUExample */;
			targetProxy = B660135B1FABCF4100E2D809 /* PBXContainerItemProxy */;
		};
		B66013671FABCF4100E2D809 /* PBXTargetDependency */ = {
			isa = PBXTargetDependency;
			target = B66013431FABCF4100E2D809 /* ARSMUExample */;
			targetProxy = B66013661FABCF4100E2D809 /* PBXContainerItemProxy */;
		};
/* End PBXTargetDependency section */

/* Begin PBXVariantGroup section */
		B660134D1FABCF4100E2D809 /* Main.storyboard */ = {
			isa = PBXVariantGroup;
			children = (
				B660134E1FABCF4100E2D809 /* Base */,
			);
			name = Main.storyboard;
			sourceTree = "<group>";
		};
		B66013521FABCF4100E2D809 /* LaunchScreen.storyboard */ = {
			isa = PBXVariantGroup;
			children = (
				B66013531FABCF4100E2D809 /* Base */,
			);
			name = LaunchScreen.storyboard;
			sourceTree = "<group>";
		};
/* End PBXVariantGroup section */

/* Begin XCBuildConfiguration section */
		B660136C1FABCF4100E2D809 /* Debug */ = {
			isa = XCBuildConfiguration;
			buildSettings = {
				ALWAYS_SEARCH_USER_PATHS = NO;
				CLANG_ANALYZER_NONNULL = YES;
				CLANG_ANALYZER_NUMBER_OBJECT_CONVERSION = YES_AGGRESSIVE;
				CLANG_CXX_LANGUAGE_STANDARD = "gnu++14";
				CLANG_CXX_LIBRARY = "libc++";
				CLANG_ENABLE_MODULES = YES;
				CLANG_ENABLE_OBJC_ARC = YES;
				CLANG_WARN_BLOCK_CAPTURE_AUTORELEASING = YES;
				CLANG_WARN_BOOL_CONVERSION = YES;
				CLANG_WARN_COMMA = YES;
				CLANG_WARN_CONSTANT_CONVERSION = YES;
				CLANG_WARN_DIRECT_OBJC_ISA_USAGE = YES_ERROR;
				CLANG_WARN_DOCUMENTATION_COMMENTS = YES;
				CLANG_WARN_EMPTY_BODY = YES;
				CLANG_WARN_ENUM_CONVERSION = YES;
				CLANG_WARN_INFINITE_RECURSION = YES;
				CLANG_WARN_INT_CONVERSION = YES;
				CLANG_WARN_NON_LITERAL_NULL_CONVERSION = YES;
				CLANG_WARN_OBJC_LITERAL_CONVERSION = YES;
				CLANG_WARN_OBJC_ROOT_CLASS = YES_ERROR;
				CLANG_WARN_RANGE_LOOP_ANALYSIS = YES;
				CLANG_WARN_STRICT_PROTOTYPES = YES;
				CLANG_WARN_SUSPICIOUS_MOVE = YES;
				CLANG_WARN_UNGUARDED_AVAILABILITY = YES_AGGRESSIVE;
				CLANG_WARN_UNREACHABLE_CODE = YES;
				CLANG_WARN__DUPLICATE_METHOD_MATCH = YES;
				CODE_SIGN_IDENTITY = "iPhone Developer";
				COPY_PHASE_STRIP = NO;
				DEBUG_INFORMATION_FORMAT = dwarf;
				ENABLE_STRICT_OBJC_MSGSEND = YES;
				ENABLE_TESTABILITY = YES;
				GCC_C_LANGUAGE_STANDARD = gnu11;
				GCC_DYNAMIC_NO_PIC = NO;
				GCC_NO_COMMON_BLOCKS = YES;
				GCC_OPTIMIZATION_LEVEL = 0;
				GCC_PREPROCESSOR_DEFINITIONS = (
					"DEBUG=1",
					"$(inherited)",
				);
				GCC_WARN_64_TO_32_BIT_CONVERSION = YES;
				GCC_WARN_ABOUT_RETURN_TYPE = YES_ERROR;
				GCC_WARN_UNDECLARED_SELECTOR = YES;
				GCC_WARN_UNINITIALIZED_AUTOS = YES_AGGRESSIVE;
				GCC_WARN_UNUSED_FUNCTION = YES;
				GCC_WARN_UNUSED_VARIABLE = YES;
				IPHONEOS_DEPLOYMENT_TARGET = 11.0;
				MTL_ENABLE_DEBUG_INFO = YES;
				ONLY_ACTIVE_ARCH = YES;
				SDKROOT = iphoneos;
				SWIFT_ACTIVE_COMPILATION_CONDITIONS = DEBUG;
				SWIFT_OPTIMIZATION_LEVEL = "-Onone";
			};
			name = Debug;
		};
		B660136D1FABCF4100E2D809 /* Release */ = {
			isa = XCBuildConfiguration;
			buildSettings = {
				ALWAYS_SEARCH_USER_PATHS = NO;
				CLANG_ANALYZER_NONNULL = YES;
				CLANG_ANALYZER_NUMBER_OBJECT_CONVERSION = YES_AGGRESSIVE;
				CLANG_CXX_LANGUAGE_STANDARD = "gnu++14";
				CLANG_CXX_LIBRARY = "libc++";
				CLANG_ENABLE_MODULES = YES;
				CLANG_ENABLE_OBJC_ARC = YES;
				CLANG_WARN_BLOCK_CAPTURE_AUTORELEASING = YES;
				CLANG_WARN_BOOL_CONVERSION = YES;
				CLANG_WARN_COMMA = YES;
				CLANG_WARN_CONSTANT_CONVERSION = YES;
				CLANG_WARN_DIRECT_OBJC_ISA_USAGE = YES_ERROR;
				CLANG_WARN_DOCUMENTATION_COMMENTS = YES;
				CLANG_WARN_EMPTY_BODY = YES;
				CLANG_WARN_ENUM_CONVERSION = YES;
				CLANG_WARN_INFINITE_RECURSION = YES;
				CLANG_WARN_INT_CONVERSION = YES;
				CLANG_WARN_NON_LITERAL_NULL_CONVERSION = YES;
				CLANG_WARN_OBJC_LITERAL_CONVERSION = YES;
				CLANG_WARN_OBJC_ROOT_CLASS = YES_ERROR;
				CLANG_WARN_RANGE_LOOP_ANALYSIS = YES;
				CLANG_WARN_STRICT_PROTOTYPES = YES;
				CLANG_WARN_SUSPICIOUS_MOVE = YES;
				CLANG_WARN_UNGUARDED_AVAILABILITY = YES_AGGRESSIVE;
				CLANG_WARN_UNREACHABLE_CODE = YES;
				CLANG_WARN__DUPLICATE_METHOD_MATCH = YES;
				CODE_SIGN_IDENTITY = "iPhone Developer";
				COPY_PHASE_STRIP = NO;
				DEBUG_INFORMATION_FORMAT = "dwarf-with-dsym";
				ENABLE_NS_ASSERTIONS = NO;
				ENABLE_STRICT_OBJC_MSGSEND = YES;
				GCC_C_LANGUAGE_STANDARD = gnu11;
				GCC_NO_COMMON_BLOCKS = YES;
				GCC_WARN_64_TO_32_BIT_CONVERSION = YES;
				GCC_WARN_ABOUT_RETURN_TYPE = YES_ERROR;
				GCC_WARN_UNDECLARED_SELECTOR = YES;
				GCC_WARN_UNINITIALIZED_AUTOS = YES_AGGRESSIVE;
				GCC_WARN_UNUSED_FUNCTION = YES;
				GCC_WARN_UNUSED_VARIABLE = YES;
				IPHONEOS_DEPLOYMENT_TARGET = 11.0;
				MTL_ENABLE_DEBUG_INFO = NO;
				SDKROOT = iphoneos;
				SWIFT_OPTIMIZATION_LEVEL = "-Owholemodule";
				VALIDATE_PRODUCT = YES;
			};
			name = Release;
		};
		B660136F1FABCF4100E2D809 /* Debug */ = {
			isa = XCBuildConfiguration;
			buildSettings = {
				ASSETCATALOG_COMPILER_APPICON_NAME = AppIcon;
				CODE_SIGN_STYLE = Automatic;
				DEVELOPMENT_TEAM = F69WJ27LN4;
				INFOPLIST_FILE = ARSMUExample/Info.plist;
				LD_RUNPATH_SEARCH_PATHS = "$(inherited) @executable_path/Frameworks";
				PRODUCT_BUNDLE_IDENTIFIER = SMU.ARSMUExample;
				PRODUCT_NAME = "$(TARGET_NAME)";
				SWIFT_VERSION = 4.0;
				TARGETED_DEVICE_FAMILY = "1,2";
			};
			name = Debug;
		};
		B66013701FABCF4100E2D809 /* Release */ = {
			isa = XCBuildConfiguration;
			buildSettings = {
				ASSETCATALOG_COMPILER_APPICON_NAME = AppIcon;
				CODE_SIGN_STYLE = Automatic;
				DEVELOPMENT_TEAM = F69WJ27LN4;
				INFOPLIST_FILE = ARSMUExample/Info.plist;
				LD_RUNPATH_SEARCH_PATHS = "$(inherited) @executable_path/Frameworks";
				PRODUCT_BUNDLE_IDENTIFIER = SMU.ARSMUExample;
				PRODUCT_NAME = "$(TARGET_NAME)";
				SWIFT_VERSION = 4.0;
				TARGETED_DEVICE_FAMILY = "1,2";
			};
			name = Release;
		};
		B66013721FABCF4100E2D809 /* Debug */ = {
			isa = XCBuildConfiguration;
			buildSettings = {
				ALWAYS_EMBED_SWIFT_STANDARD_LIBRARIES = YES;
				BUNDLE_LOADER = "$(TEST_HOST)";
				CODE_SIGN_STYLE = Automatic;
				INFOPLIST_FILE = ARSMUExampleTests/Info.plist;
				LD_RUNPATH_SEARCH_PATHS = "$(inherited) @executable_path/Frameworks @loader_path/Frameworks";
				PRODUCT_BUNDLE_IDENTIFIER = SMU.ARSMUExampleTests;
				PRODUCT_NAME = "$(TARGET_NAME)";
				SWIFT_VERSION = 4.0;
				TARGETED_DEVICE_FAMILY = "1,2";
				TEST_HOST = "$(BUILT_PRODUCTS_DIR)/ARSMUExample.app/ARSMUExample";
			};
			name = Debug;
		};
		B66013731FABCF4100E2D809 /* Release */ = {
			isa = XCBuildConfiguration;
			buildSettings = {
				ALWAYS_EMBED_SWIFT_STANDARD_LIBRARIES = YES;
				BUNDLE_LOADER = "$(TEST_HOST)";
				CODE_SIGN_STYLE = Automatic;
				INFOPLIST_FILE = ARSMUExampleTests/Info.plist;
				LD_RUNPATH_SEARCH_PATHS = "$(inherited) @executable_path/Frameworks @loader_path/Frameworks";
				PRODUCT_BUNDLE_IDENTIFIER = SMU.ARSMUExampleTests;
				PRODUCT_NAME = "$(TARGET_NAME)";
				SWIFT_VERSION = 4.0;
				TARGETED_DEVICE_FAMILY = "1,2";
				TEST_HOST = "$(BUILT_PRODUCTS_DIR)/ARSMUExample.app/ARSMUExample";
			};
			name = Release;
		};
		B66013751FABCF4100E2D809 /* Debug */ = {
			isa = XCBuildConfiguration;
			buildSettings = {
				ALWAYS_EMBED_SWIFT_STANDARD_LIBRARIES = YES;
				CODE_SIGN_STYLE = Automatic;
				INFOPLIST_FILE = ARSMUExampleUITests/Info.plist;
				LD_RUNPATH_SEARCH_PATHS = "$(inherited) @executable_path/Frameworks @loader_path/Frameworks";
				PRODUCT_BUNDLE_IDENTIFIER = SMU.ARSMUExampleUITests;
				PRODUCT_NAME = "$(TARGET_NAME)";
				SWIFT_VERSION = 4.0;
				TARGETED_DEVICE_FAMILY = "1,2";
				TEST_TARGET_NAME = ARSMUExample;
			};
			name = Debug;
		};
		B66013761FABCF4100E2D809 /* Release */ = {
			isa = XCBuildConfiguration;
			buildSettings = {
				ALWAYS_EMBED_SWIFT_STANDARD_LIBRARIES = YES;
				CODE_SIGN_STYLE = Automatic;
				INFOPLIST_FILE = ARSMUExampleUITests/Info.plist;
				LD_RUNPATH_SEARCH_PATHS = "$(inherited) @executable_path/Frameworks @loader_path/Frameworks";
				PRODUCT_BUNDLE_IDENTIFIER = SMU.ARSMUExampleUITests;
				PRODUCT_NAME = "$(TARGET_NAME)";
				SWIFT_VERSION = 4.0;
				TARGETED_DEVICE_FAMILY = "1,2";
				TEST_TARGET_NAME = ARSMUExample;
			};
			name = Release;
		};
/* End XCBuildConfiguration section */

/* Begin XCConfigurationList section */
		B660133F1FABCF4100E2D809 /* Build configuration list for PBXProject "ARSMUExample" */ = {
			isa = XCConfigurationList;
			buildConfigurations = (
				B660136C1FABCF4100E2D809 /* Debug */,
				B660136D1FABCF4100E2D809 /* Release */,
			);
			defaultConfigurationIsVisible = 0;
			defaultConfigurationName = Release;
		};
		B660136E1FABCF4100E2D809 /* Build configuration list for PBXNativeTarget "ARSMUExample" */ = {
			isa = XCConfigurationList;
			buildConfigurations = (
				B660136F1FABCF4100E2D809 /* Debug */,
				B66013701FABCF4100E2D809 /* Release */,
			);
			defaultConfigurationIsVisible = 0;
			defaultConfigurationName = Release;
		};
		B66013711FABCF4100E2D809 /* Build configuration list for PBXNativeTarget "ARSMUExampleTests" */ = {
			isa = XCConfigurationList;
			buildConfigurations = (
				B66013721FABCF4100E2D809 /* Debug */,
				B66013731FABCF4100E2D809 /* Release */,
			);
			defaultConfigurationIsVisible = 0;
			defaultConfigurationName = Release;
		};
		B66013741FABCF4100E2D809 /* Build configuration list for PBXNativeTarget "ARSMUExampleUITests" */ = {
			isa = XCConfigurationList;
			buildConfigurations = (
				B66013751FABCF4100E2D809 /* Debug */,
				B66013761FABCF4100E2D809 /* Release */,
			);
			defaultConfigurationIsVisible = 0;
			defaultConfigurationName = Release;
		};
/* End XCConfigurationList section */
	};
	rootObject = B660133C1FABCF4100E2D809 /* Project object */;
}
